
Microsoft Visual Studio Solution File, Format Version 12.00
Project("{FAE04EC0-301F-11D3-BF4B-00C04F79EFBC}") = "TI_2", "TI_2\TI_2.csproj", "{5EDD55E2-ED7A-4D42-B0D6-A4379E70412B}"
EndProject
Global
	GlobalSection(SolutionConfigurationPlatforms) = preSolution
		Debug|Any CPU = Debug|Any CPU
		Release|Any CPU = Release|Any CPU
	EndGlobalSection
	GlobalSection(ProjectConfigurationPlatforms) = postSolution
		{5EDD55E2-ED7A-4D42-B0D6-A4379E70412B}.Debug|Any CPU.ActiveCfg = Debug|Any CPU
		{5EDD55E2-ED7A-4D42-B0D6-A4379E70412B}.Debug|Any CPU.Build.0 = Debug|Any CPU
		{5EDD55E2-ED7A-4D42-B0D6-A4379E70412B}.Release|Any CPU.ActiveCfg = Release|Any CPU
		{5EDD55E2-ED7A-4D42-B0D6-A4379E70412B}.Release|Any CPU.Build.0 = Release|Any CPU
	EndGlobalSection
EndGlobal
